
Microsoft Visual Studio Solution File, Format Version 12.00
# Visual Studio 14
VisualStudioVersion = 14.0.24720.0
MinimumVisualStudioVersion = 10.0.40219.1
Project("{FAE04EC0-301F-11D3-BF4B-00C04F79EFBC}") = "MemcachedMock", "MemcachedMock.csproj", "{CBA8D8B6-35C3-4045-9D0E-9E0F42F9A6F3}"
EndProject
Project("{FAE04EC0-301F-11D3-BF4B-00C04F79EFBC}") = "MemcachedMock.Tests", "..\MemcachedMock.Tests\MemcachedMock.Tests.csproj", "{56F94588-1CB6-42DB-B331-E2EBE29054E2}"
EndProject
Global
	GlobalSection(SolutionConfigurationPlatforms) = preSolution
		Debug|Any CPU = Debug|Any CPU
		Release|Any CPU = Release|Any CPU
	EndGlobalSection
	GlobalSection(ProjectConfigurationPlatforms) = postSolution
		{CBA8D8B6-35C3-4045-9D0E-9E0F42F9A6F3}.Debug|Any CPU.ActiveCfg = Debug|Any CPU
		{CBA8D8B6-35C3-4045-9D0E-9E0F42F9A6F3}.Debug|Any CPU.Build.0 = Debug|Any CPU
		{CBA8D8B6-35C3-4045-9D0E-9E0F42F9A6F3}.Release|Any CPU.ActiveCfg = Release|Any CPU
		{CBA8D8B6-35C3-4045-9D0E-9E0F42F9A6F3}.Release|Any CPU.Build.0 = Release|Any CPU
		{56F94588-1CB6-42DB-B331-E2EBE29054E2}.Debug|Any CPU.ActiveCfg = Debug|Any CPU
		{56F94588-1CB6-42DB-B331-E2EBE29054E2}.Debug|Any CPU.Build.0 = Debug|Any CPU
		{56F94588-1CB6-42DB-B331-E2EBE29054E2}.Release|Any CPU.ActiveCfg = Release|Any CPU
		{56F94588-1CB6-42DB-B331-E2EBE29054E2}.Release|Any CPU.Build.0 = Release|Any CPU
	EndGlobalSection
	GlobalSection(SolutionProperties) = preSolution
		HideSolutionNode = FALSE
	EndGlobalSection
EndGlobal
